# Code generated by scarb DO NOT EDIT.
version = 1

[[package]]
name = "messages"
version = "0.1.0"
dependencies = [
 "rules_account",
]

[[package]]
name = "rules_account"
version = "0.1.0"
source = "git+https://github.com/ruleslabs/starknet-rules-account.git?branch=main#e8cdfb631ac84392aa903b125c33373620cfbe0d"
dependencies = [
 "rules_utils",
]

[[package]]
name = "rules_utils"
version = "0.1.0"
source = "git+https://github.com/ruleslabs/starknet-utils.git#27dd826775198a765d8a99d17953343de535116a"
